
Microsoft Visual Studio Solution File, Format Version 12.00
# Visual Studio 15
VisualStudioVersion = 15.0.28307.271
MinimumVisualStudioVersion = 10.0.40219.1
Project("{FAE04EC0-301F-11D3-BF4B-00C04F79EFBC}") = "testTypeHead", "testTypeHead\testTypeHead.csproj", "{9DC78212-0887-4C10-A3A7-E02B95E07969}"
EndProject
Global
	GlobalSection(SolutionConfigurationPlatforms) = preSolution
		Debug|Any CPU = Debug|Any CPU
		Release|Any CPU = Release|Any CPU
	EndGlobalSection
	GlobalSection(ProjectConfigurationPlatforms) = postSolution
		{9DC78212-0887-4C10-A3A7-E02B95E07969}.Debug|Any CPU.ActiveCfg = Debug|Any CPU
		{9DC78212-0887-4C10-A3A7-E02B95E07969}.Debug|Any CPU.Build.0 = Debug|Any CPU
		{9DC78212-0887-4C10-A3A7-E02B95E07969}.Release|Any CPU.ActiveCfg = Release|Any CPU
		{9DC78212-0887-4C10-A3A7-E02B95E07969}.Release|Any CPU.Build.0 = Release|Any CPU
	EndGlobalSection
	GlobalSection(SolutionProperties) = preSolution
		HideSolutionNode = FALSE
	EndGlobalSection
	GlobalSection(ExtensibilityGlobals) = postSolution
		SolutionGuid = {86ED5E31-B433-4336-AD07-61A361376071}
	EndGlobalSection
EndGlobal
